
Microsoft Visual Studio Solution File, Format Version 12.00
# Visual Studio Version 16
VisualStudioVersion = 16.0.30503.244
MinimumVisualStudioVersion = 10.0.40219.1
Project("{FAE04EC0-301F-11D3-BF4B-00C04F79EFBC}") = "ConsoleApp39", "ConsoleApp39\ConsoleApp39.csproj", "{2E9A5064-EF47-4944-8A97-25C54F16CC9A}"
EndProject
Global
	GlobalSection(SolutionConfigurationPlatforms) = preSolution
		Debug|Any CPU = Debug|Any CPU
		Release|Any CPU = Release|Any CPU
	EndGlobalSection
	GlobalSection(ProjectConfigurationPlatforms) = postSolution
		{2E9A5064-EF47-4944-8A97-25C54F16CC9A}.Debug|Any CPU.ActiveCfg = Debug|Any CPU
		{2E9A5064-EF47-4944-8A97-25C54F16CC9A}.Debug|Any CPU.Build.0 = Debug|Any CPU
		{2E9A5064-EF47-4944-8A97-25C54F16CC9A}.Release|Any CPU.ActiveCfg = Release|Any CPU
		{2E9A5064-EF47-4944-8A97-25C54F16CC9A}.Release|Any CPU.Build.0 = Release|Any CPU
	EndGlobalSection
	GlobalSection(SolutionProperties) = preSolution
		HideSolutionNode = FALSE
	EndGlobalSection
	GlobalSection(ExtensibilityGlobals) = postSolution
		SolutionGuid = {28FB4959-234A-4A66-BD68-568F6AD1769A}
	EndGlobalSection
EndGlobal
